// !$*UTF8*$!
{
	archiveVersion = 1;
	classes = {
	};
	objectVersion = 56;
	objects = {

/* Begin PBXBuildFile section */
		4777A035287FB71B009F1605 /* UI_611App.swift in Sources */ = {isa = PBXBuildFile; fileRef = 4777A034287FB71B009F1605 /* UI_611App.swift */; };
		4777A037287FB71B009F1605 /* ContentView.swift in Sources */ = {isa = PBXBuildFile; fileRef = 4777A036287FB71B009F1605 /* ContentView.swift */; };
		4777A039287FB71C009F1605 /* Assets.xcassets in Resources */ = {isa = PBXBuildFile; fileRef = 4777A038287FB71C009F1605 /* Assets.xcassets */; };
		4777A03C287FB71C009F1605 /* Preview Assets.xcassets in Resources */ = {isa = PBXBuildFile; fileRef = 4777A03B287FB71C009F1605 /* Preview Assets.xcassets */; };
		4777A046287FB71C009F1605 /* UI_611Tests.swift in Sources */ = {isa = PBXBuildFile; fileRef = 4777A045287FB71C009F1605 /* UI_611Tests.swift */; };
		4777A050287FB71C009F1605 /* UI_611UITests.swift in Sources */ = {isa = PBXBuildFile; fileRef = 4777A04F287FB71C009F1605 /* UI_611UITests.swift */; };
		4777A052287FB71C009F1605 /* UI_611UITestsLaunchTests.swift in Sources */ = {isa = PBXBuildFile; fileRef = 4777A051287FB71C009F1605 /* UI_611UITestsLaunchTests.swift */; };
		4777A060287FB726009F1605 /* Home.swift in Sources */ = {isa = PBXBuildFile; fileRef = 4777A05F287FB726009F1605 /* Home.swift */; };
		4777A064287FB739009F1605 /* Place.swift in Sources */ = {isa = PBXBuildFile; fileRef = 4777A063287FB739009F1605 /* Place.swift */; };
		4777A068287FB754009F1605 /* GabrielaStencil-Light.ttf in Resources */ = {isa = PBXBuildFile; fileRef = 4777A066287FB754009F1605 /* GabrielaStencil-Light.ttf */; };
		4777A069287FB754009F1605 /* GabrielaStencil-Bold.ttf in Resources */ = {isa = PBXBuildFile; fileRef = 4777A067287FB754009F1605 /* GabrielaStencil-Bold.ttf */; };
		4777A06C287FBBA5009F1605 /* MortionManeger.swift in Sources */ = {isa = PBXBuildFile; fileRef = 4777A06B287FBBA5009F1605 /* MortionManeger.swift */; };
/* End PBXBuildFile section */

/* Begin PBXContainerItemProxy section */
		4777A042287FB71C009F1605 /* PBXContainerItemProxy */ = {
			isa = PBXContainerItemProxy;
			containerPortal = 4777A029287FB71B009F1605 /* Project object */;
			proxyType = 1;
			remoteGlobalIDString = 4777A030287FB71B009F1605;
			remoteInfo = "UI-611";
		};
		4777A04C287FB71C009F1605 /* PBXContainerItemProxy */ = {
			isa = PBXContainerItemProxy;
			containerPortal = 4777A029287FB71B009F1605 /* Project object */;
			proxyType = 1;
			remoteGlobalIDString = 4777A030287FB71B009F1605;
			remoteInfo = "UI-611";
		};
/* End PBXContainerItemProxy section */

/* Begin PBXFileReference section */
		4777A031287FB71B009F1605 /* UI-611.app */ = {isa = PBXFileReference; explicitFileType = wrapper.application; includeInIndex = 0; path = "UI-611.app"; sourceTree = BUILT_PRODUCTS_DIR; };
		4777A034287FB71B009F1605 /* UI_611App.swift */ = {isa = PBXFileReference; lastKnownFileType = sourcecode.swift; path = UI_611App.swift; sourceTree = "<group>"; };
		4777A036287FB71B009F1605 /* ContentView.swift */ = {isa = PBXFileReference; lastKnownFileType = sourcecode.swift; path = ContentView.swift; sourceTree = "<group>"; };
		4777A038287FB71C009F1605 /* Assets.xcassets */ = {isa = PBXFileReference; lastKnownFileType = folder.assetcatalog; path = Assets.xcassets; sourceTree = "<group>"; };
		4777A03B287FB71C009F1605 /* Preview Assets.xcassets */ = {isa = PBXFileReference; lastKnownFileType = folder.assetcatalog; path = "Preview Assets.xcassets"; sourceTree = "<group>"; };
		4777A041287FB71C009F1605 /* UI-611Tests.xctest */ = {isa = PBXFileReference; explicitFileType = wrapper.cfbundle; includeInIndex = 0; path = "UI-611Tests.xctest"; sourceTree = BUILT_PRODUCTS_DIR; };
		4777A045287FB71C009F1605 /* UI_611Tests.swift */ = {isa = PBXFileReference; lastKnownFileType = sourcecode.swift; path = UI_611Tests.swift; sourceTree = "<group>"; };
		4777A04B287FB71C009F1605 /* UI-611UITests.xctest */ = {isa = PBXFileReference; explicitFileType = wrapper.cfbundle; includeInIndex = 0; path = "UI-611UITests.xctest"; sourceTree = BUILT_PRODUCTS_DIR; };
		4777A04F287FB71C009F1605 /* UI_611UITests.swift */ = {isa = PBXFileReference; lastKnownFileType = sourcecode.swift; path = UI_611UITests.swift; sourceTree = "<group>"; };
		4777A051287FB71C009F1605 /* UI_611UITestsLaunchTests.swift */ = {isa = PBXFileReference; lastKnownFileType = sourcecode.swift; path = UI_611UITestsLaunchTests.swift; sourceTree = "<group>"; };
		4777A05F287FB726009F1605 /* Home.swift */ = {isa = PBXFileReference; lastKnownFileType = sourcecode.swift; path = Home.swift; sourceTree = "<group>"; };
		4777A063287FB739009F1605 /* Place.swift */ = {isa = PBXFileReference; lastKnownFileType = sourcecode.swift; path = Place.swift; sourceTree = "<group>"; };
		4777A066287FB754009F1605 /* GabrielaStencil-Light.ttf */ = {isa = PBXFileReference; lastKnownFileType = file; path = "GabrielaStencil-Light.ttf"; sourceTree = "<group>"; };
		4777A067287FB754009F1605 /* GabrielaStencil-Bold.ttf */ = {isa = PBXFileReference; lastKnownFileType = file; path = "GabrielaStencil-Bold.ttf"; sourceTree = "<group>"; };
		4777A06A287FB780009F1605 /* Info.plist */ = {isa = PBXFileReference; lastKnownFileType = text.plist; path = Info.plist; sourceTree = "<group>"; };
		4777A06B287FBBA5009F1605 /* MortionManeger.swift */ = {isa = PBXFileReference; lastKnownFileType = sourcecode.swift; path = MortionManeger.swift; sourceTree = "<group>"; };
/* End PBXFileReference section */

/* Begin PBXFrameworksBuildPhase section */
		4777A02E287FB71B009F1605 /* Frameworks */ = {
			isa = PBXFrameworksBuildPhase;
			buildActionMask = 2147483647;
			files = (
			);
			runOnlyForDeploymentPostprocessing = 0;
		};
		4777A03E287FB71C009F1605 /* Frameworks */ = {
			isa = PBXFrameworksBuildPhase;
			buildActionMask = 2147483647;
			files = (
			);
			runOnlyForDeploymentPostprocessing = 0;
		};
		4777A048287FB71C009F1605 /* Frameworks */ = {
			isa = PBXFrameworksBuildPhase;
			buildActionMask = 2147483647;
			files = (
			);
			runOnlyForDeploymentPostprocessing = 0;
		};
/* End PBXFrameworksBuildPhase section */

/* Begin PBXGroup section */
		4777A028287FB71B009F1605 = {
			isa = PBXGroup;
			children = (
				4777A033287FB71B009F1605 /* UI-611 */,
				4777A044287FB71C009F1605 /* UI-611Tests */,
				4777A04E287FB71C009F1605 /* UI-611UITests */,
				4777A032287FB71B009F1605 /* Products */,
			);
			sourceTree = "<group>";
		};
		4777A032287FB71B009F1605 /* Products */ = {
			isa = PBXGroup;
			children = (
				4777A031287FB71B009F1605 /* UI-611.app */,
				4777A041287FB71C009F1605 /* UI-611Tests.xctest */,
				4777A04B287FB71C009F1605 /* UI-611UITests.xctest */,
			);
			name = Products;
			sourceTree = "<group>";
		};
		4777A033287FB71B009F1605 /* UI-611 */ = {
			isa = PBXGroup;
			children = (
				4777A06A287FB780009F1605 /* Info.plist */,
				4777A065287FB754009F1605 /* Fonts */,
				4777A062287FB733009F1605 /* Model */,
				4777A061287FB72D009F1605 /* ViewModel */,
				4777A05E287FB721009F1605 /* View */,
				4777A034287FB71B009F1605 /* UI_611App.swift */,
				4777A036287FB71B009F1605 /* ContentView.swift */,
				4777A038287FB71C009F1605 /* Assets.xcassets */,
				4777A03A287FB71C009F1605 /* Preview Content */,
			);
			path = "UI-611";
			sourceTree = "<group>";
		};
		4777A03A287FB71C009F1605 /* Preview Content */ = {
			isa = PBXGroup;
			children = (
				4777A03B287FB71C009F1605 /* Preview Assets.xcassets */,
			);
			path = "Preview Content";
			sourceTree = "<group>";
		};
		4777A044287FB71C009F1605 /* UI-611Tests */ = {
			isa = PBXGroup;
			children = (
				4777A045287FB71C009F1605 /* UI_611Tests.swift */,
			);
			path = "UI-611Tests";
			sourceTree = "<group>";
		};
		4777A04E287FB71C009F1605 /* UI-611UITests */ = {
			isa = PBXGroup;
			children = (
				4777A04F287FB71C009F1605 /* UI_611UITests.swift */,
				4777A051287FB71C009F1605 /* UI_611UITestsLaunchTests.swift */,
			);
			path = "UI-611UITests";
			sourceTree = "<group>";
		};
		4777A05E287FB721009F1605 /* View */ = {
			isa = PBXGroup;
			children = (
				4777A05F287FB726009F1605 /* Home.swift */,
			);
			path = View;
			sourceTree = "<group>";
		};
		4777A061287FB72D009F1605 /* ViewModel */ = {
			isa = PBXGroup;
			children = (
				4777A06B287FBBA5009F1605 /* MortionManeger.swift */,
			);
			path = ViewModel;
			sourceTree = "<group>";
		};
		4777A062287FB733009F1605 /* Model */ = {
			isa = PBXGroup;
			children = (
				4777A063287FB739009F1605 /* Place.swift */,
			);
			path = Model;
			sourceTree = "<group>";
		};
		4777A065287FB754009F1605 /* Fonts */ = {
			isa = PBXGroup;
			children = (
				4777A066287FB754009F1605 /* GabrielaStencil-Light.ttf */,
				4777A067287FB754009F1605 /* GabrielaStencil-Bold.ttf */,
			);
			path = Fonts;
			sourceTree = "<group>";
		};
/* End PBXGroup section */

/* Begin PBXNativeTarget section */
		4777A030287FB71B009F1605 /* UI-611 */ = {
			isa = PBXNativeTarget;
			buildConfigurationList = 4777A055287FB71C009F1605 /* Build configuration list for PBXNativeTarget "UI-611" */;
			buildPhases = (
				4777A02D287FB71B009F1605 /* Sources */,
				4777A02E287FB71B009F1605 /* Frameworks */,
				4777A02F287FB71B009F1605 /* Resources */,
			);
			buildRules = (
			);
			dependencies = (
			);
			name = "UI-611";
			productName = "UI-611";
			productReference = 4777A031287FB71B009F1605 /* UI-611.app */;
			productType = "com.apple.product-type.application";
		};
		4777A040287FB71C009F1605 /* UI-611Tests */ = {
			isa = PBXNativeTarget;
			buildConfigurationList = 4777A058287FB71C009F1605 /* Build configuration list for PBXNativeTarget "UI-611Tests" */;
			buildPhases = (
				4777A03D287FB71C009F1605 /* Sources */,
				4777A03E287FB71C009F1605 /* Frameworks */,
				4777A03F287FB71C009F1605 /* Resources */,
			);
			buildRules = (
			);
			dependencies = (
				4777A043287FB71C009F1605 /* PBXTargetDependency */,
			);
			name = "UI-611Tests";
			productName = "UI-611Tests";
			productReference = 4777A041287FB71C009F1605 /* UI-611Tests.xctest */;
			productType = "com.apple.product-type.bundle.unit-test";
		};
		4777A04A287FB71C009F1605 /* UI-611UITests */ = {
			isa = PBXNativeTarget;
			buildConfigurationList = 4777A05B287FB71C009F1605 /* Build configuration list for PBXNativeTarget "UI-611UITests" */;
			buildPhases = (
				4777A047287FB71C009F1605 /* Sources */,
				4777A048287FB71C009F1605 /* Frameworks */,
				4777A049287FB71C009F1605 /* Resources */,
			);
			buildRules = (
			);
			dependencies = (
				4777A04D287FB71C009F1605 /* PBXTargetDependency */,
			);
			name = "UI-611UITests";
			productName = "UI-611UITests";
			productReference = 4777A04B287FB71C009F1605 /* UI-611UITests.xctest */;
			productType = "com.apple.product-type.bundle.ui-testing";
		};
/* End PBXNativeTarget section */

/* Begin PBXProject section */
		4777A029287FB71B009F1605 /* Project object */ = {
			isa = PBXProject;
			attributes = {
				BuildIndependentTargetsInParallel = 1;
				LastSwiftUpdateCheck = 1400;
				LastUpgradeCheck = 1400;
				TargetAttributes = {
					4777A030287FB71B009F1605 = {
						CreatedOnToolsVersion = 14.0;
					};
					4777A040287FB71C009F1605 = {
						CreatedOnToolsVersion = 14.0;
						TestTargetID = 4777A030287FB71B009F1605;
					};
					4777A04A287FB71C009F1605 = {
						CreatedOnToolsVersion = 14.0;
						TestTargetID = 4777A030287FB71B009F1605;
					};
				};
			};
			buildConfigurationList = 4777A02C287FB71B009F1605 /* Build configuration list for PBXProject "UI-611" */;
			compatibilityVersion = "Xcode 14.0";
			developmentRegion = en;
			hasScannedForEncodings = 0;
			knownRegions = (
				en,
				Base,
			);
			mainGroup = 4777A028287FB71B009F1605;
			productRefGroup = 4777A032287FB71B009F1605 /* Products */;
			projectDirPath = "";
			projectRoot = "";
			targets = (
				4777A030287FB71B009F1605 /* UI-611 */,
				4777A040287FB71C009F1605 /* UI-611Tests */,
				4777A04A287FB71C009F1605 /* UI-611UITests */,
			);
		};
/* End PBXProject section */

/* Begin PBXResourcesBuildPhase section */
		4777A02F287FB71B009F1605 /* Resources */ = {
			isa = PBXResourcesBuildPhase;
			buildActionMask = 2147483647;
			files = (
				4777A03C287FB71C009F1605 /* Preview Assets.xcassets in Resources */,
				4777A068287FB754009F1605 /* GabrielaStencil-Light.ttf in Resources */,
				4777A039287FB71C009F1605 /* Assets.xcassets in Resources */,
				4777A069287FB754009F1605 /* GabrielaStencil-Bold.ttf in Resources */,
			);
			runOnlyForDeploymentPostprocessing = 0;
		};
		4777A03F287FB71C009F1605 /* Resources */ = {
			isa = PBXResourcesBuildPhase;
			buildActionMask = 2147483647;
			files = (
			);
			runOnlyForDeploymentPostprocessing = 0;
		};
		4777A049287FB71C009F1605 /* Resources */ = {
			isa = PBXResourcesBuildPhase;
			buildActionMask = 2147483647;
			files = (
			);
			runOnlyForDeploymentPostprocessing = 0;
		};
/* End PBXResourcesBuildPhase section */

/* Begin PBXSourcesBuildPhase section */
		4777A02D287FB71B009F1605 /* Sources */ = {
			isa = PBXSourcesBuildPhase;
			buildActionMask = 2147483647;
			files = (
				4777A037287FB71B009F1605 /* ContentView.swift in Sources */,
				4777A06C287FBBA5009F1605 /* MortionManeger.swift in Sources */,
				4777A060287FB726009F1605 /* Home.swift in Sources */,
				4777A035287FB71B009F1605 /* UI_611App.swift in Sources */,
				4777A064287FB739009F1605 /* Place.swift in Sources */,
			);
			runOnlyForDeploymentPostprocessing = 0;
		};
		4777A03D287FB71C009F1605 /* Sources */ = {
			isa = PBXSourcesBuildPhase;
			buildActionMask = 2147483647;
			files = (
				4777A046287FB71C009F1605 /* UI_611Tests.swift in Sources */,
			);
			runOnlyForDeploymentPostprocessing = 0;
		};
		4777A047287FB71C009F1605 /* Sources */ = {
			isa = PBXSourcesBuildPhase;
			buildActionMask = 2147483647;
			files = (
				4777A050287FB71C009F1605 /* UI_611UITests.swift in Sources */,
				4777A052287FB71C009F1605 /* UI_611UITestsLaunchTests.swift in Sources */,
			);
			runOnlyForDeploymentPostprocessing = 0;
		};
/* End PBXSourcesBuildPhase section */

/* Begin PBXTargetDependency section */
		4777A043287FB71C009F1605 /* PBXTargetDependency */ = {
			isa = PBXTargetDependency;
			target = 4777A030287FB71B009F1605 /* UI-611 */;
			targetProxy = 4777A042287FB71C009F1605 /* PBXContainerItemProxy */;
		};
		4777A04D287FB71C009F1605 /* PBXTargetDependency */ = {
			isa = PBXTargetDependency;
			target = 4777A030287FB71B009F1605 /* UI-611 */;
			targetProxy = 4777A04C287FB71C009F1605 /* PBXContainerItemProxy */;
		};
/* End PBXTargetDependency section */

/* Begin XCBuildConfiguration section */
		4777A053287FB71C009F1605 /* Debug */ = {
			isa = XCBuildConfiguration;
			buildSettings = {
				ALWAYS_SEARCH_USER_PATHS = NO;
				CLANG_ANALYZER_NONNULL = YES;
				CLANG_ANALYZER_NUMBER_OBJECT_CONVERSION = YES_AGGRESSIVE;
				CLANG_CXX_LANGUAGE_STANDARD = "gnu++17";
				CLANG_ENABLE_MODULES = YES;
				CLANG_ENABLE_OBJC_ARC = YES;
				CLANG_ENABLE_OBJC_WEAK = YES;
				CLANG_WARN_BLOCK_CAPTURE_AUTORELEASING = YES;
				CLANG_WARN_BOOL_CONVERSION = YES;
				CLANG_WARN_COMMA = YES;
				CLANG_WARN_CONSTANT_CONVERSION = YES;
				CLANG_WARN_DEPRECATED_OBJC_IMPLEMENTATIONS = YES;
				CLANG_WARN_DIRECT_OBJC_ISA_USAGE = YES_ERROR;
				CLANG_WARN_DOCUMENTATION_COMMENTS = YES;
				CLANG_WARN_EMPTY_BODY = YES;
				CLANG_WARN_ENUM_CONVERSION = YES;
				CLANG_WARN_INFINITE_RECURSION = YES;
				CLANG_WARN_INT_CONVERSION = YES;
				CLANG_WARN_NON_LITERAL_NULL_CONVERSION = YES;
				CLANG_WARN_OBJC_IMPLICIT_RETAIN_SELF = YES;
				CLANG_WARN_OBJC_LITERAL_CONVERSION = YES;
				CLANG_WARN_OBJC_ROOT_CLASS = YES_ERROR;
				CLANG_WARN_QUOTED_INCLUDE_IN_FRAMEWORK_HEADER = YES;
				CLANG_WARN_RANGE_LOOP_ANALYSIS = YES;
				CLANG_WARN_STRICT_PROTOTYPES = YES;
				CLANG_WARN_SUSPICIOUS_MOVE = YES;
				CLANG_WARN_UNGUARDED_AVAILABILITY = YES_AGGRESSIVE;
				CLANG_WARN_UNREACHABLE_CODE = YES;
				CLANG_WARN__DUPLICATE_METHOD_MATCH = YES;
				COPY_PHASE_STRIP = NO;
				DEBUG_INFORMATION_FORMAT = dwarf;
				ENABLE_STRICT_OBJC_MSGSEND = YES;
				ENABLE_TESTABILITY = YES;
				GCC_C_LANGUAGE_STANDARD = gnu11;
				GCC_DYNAMIC_NO_PIC = NO;
				GCC_NO_COMMON_BLOCKS = YES;
				GCC_OPTIMIZATION_LEVEL = 0;
				GCC_PREPROCESSOR_DEFINITIONS = (
					"DEBUG=1",
					"$(inherited)",
				);
				GCC_WARN_64_TO_32_BIT_CONVERSION = YES;
				GCC_WARN_ABOUT_RETURN_TYPE = YES_ERROR;
				GCC_WARN_UNDECLARED_SELECTOR = YES;
				GCC_WARN_UNINITIALIZED_AUTOS = YES_AGGRESSIVE;
				GCC_WARN_UNUSED_FUNCTION = YES;
				GCC_WARN_UNUSED_VARIABLE = YES;
				IPHONEOS_DEPLOYMENT_TARGET = 16.0;
				MTL_ENABLE_DEBUG_INFO = INCLUDE_SOURCE;
				MTL_FAST_MATH = YES;
				ONLY_ACTIVE_ARCH = YES;
				SDKROOT = iphoneos;
				SWIFT_ACTIVE_COMPILATION_CONDITIONS = DEBUG;
				SWIFT_OPTIMIZATION_LEVEL = "-Onone";
			};
			name = Debug;
		};
		4777A054287FB71C009F1605 /* Release */ = {
			isa = XCBuildConfiguration;
			buildSettings = {
				ALWAYS_SEARCH_USER_PATHS = NO;
				CLANG_ANALYZER_NONNULL = YES;
				CLANG_ANALYZER_NUMBER_OBJECT_CONVERSION = YES_AGGRESSIVE;
				CLANG_CXX_LANGUAGE_STANDARD = "gnu++17";
				CLANG_ENABLE_MODULES = YES;
				CLANG_ENABLE_OBJC_ARC = YES;
				CLANG_ENABLE_OBJC_WEAK = YES;
				CLANG_WARN_BLOCK_CAPTURE_AUTORELEASING = YES;
				CLANG_WARN_BOOL_CONVERSION = YES;
				CLANG_WARN_COMMA = YES;
				CLANG_WARN_CONSTANT_CONVERSION = YES;
				CLANG_WARN_DEPRECATED_OBJC_IMPLEMENTATIONS = YES;
				CLANG_WARN_DIRECT_OBJC_ISA_USAGE = YES_ERROR;
				CLANG_WARN_DOCUMENTATION_COMMENTS = YES;
				CLANG_WARN_EMPTY_BODY = YES;
				CLANG_WARN_ENUM_CONVERSION = YES;
				CLANG_WARN_INFINITE_RECURSION = YES;
				CLANG_WARN_INT_CONVERSION = YES;
				CLANG_WARN_NON_LITERAL_NULL_CONVERSION = YES;
				CLANG_WARN_OBJC_IMPLICIT_RETAIN_SELF = YES;
				CLANG_WARN_OBJC_LITERAL_CONVERSION = YES;
				CLANG_WARN_OBJC_ROOT_CLASS = YES_ERROR;
				CLANG_WARN_QUOTED_INCLUDE_IN_FRAMEWORK_HEADER = YES;
				CLANG_WARN_RANGE_LOOP_ANALYSIS = YES;
				CLANG_WARN_STRICT_PROTOTYPES = YES;
				CLANG_WARN_SUSPICIOUS_MOVE = YES;
				CLANG_WARN_UNGUARDED_AVAILABILITY = YES_AGGRESSIVE;
				CLANG_WARN_UNREACHABLE_CODE = YES;
				CLANG_WARN__DUPLICATE_METHOD_MATCH = YES;
				COPY_PHASE_STRIP = NO;
				DEBUG_INFORMATION_FORMAT = "dwarf-with-dsym";
				ENABLE_NS_ASSERTIONS = NO;
				ENABLE_STRICT_OBJC_MSGSEND = YES;
				GCC_C_LANGUAGE_STANDARD = gnu11;
				GCC_NO_COMMON_BLOCKS = YES;
				GCC_WARN_64_TO_32_BIT_CONVERSION = YES;
				GCC_WARN_ABOUT_RETURN_TYPE = YES_ERROR;
				GCC_WARN_UNDECLARED_SELECTOR = YES;
				GCC_WARN_UNINITIALIZED_AUTOS = YES_AGGRESSIVE;
				GCC_WARN_UNUSED_FUNCTION = YES;
				GCC_WARN_UNUSED_VARIABLE = YES;
				IPHONEOS_DEPLOYMENT_TARGET = 16.0;
				MTL_ENABLE_DEBUG_INFO = NO;
				MTL_FAST_MATH = YES;
				SDKROOT = iphoneos;
				SWIFT_COMPILATION_MODE = wholemodule;
				SWIFT_OPTIMIZATION_LEVEL = "-O";
				VALIDATE_PRODUCT = YES;
			};
			name = Release;
		};
		4777A056287FB71C009F1605 /* Debug */ = {
			isa = XCBuildConfiguration;
			buildSettings = {
				ASSETCATALOG_COMPILER_APPICON_NAME = AppIcon;
				ASSETCATALOG_COMPILER_GLOBAL_ACCENT_COLOR_NAME = AccentColor;
				CODE_SIGN_STYLE = Automatic;
				CURRENT_PROJECT_VERSION = 1;
				DEVELOPMENT_ASSET_PATHS = "\"UI-611/Preview Content\"";
				DEVELOPMENT_TEAM = 8CL4U468K5;
				ENABLE_PREVIEWS = YES;
				GENERATE_INFOPLIST_FILE = YES;
				INFOPLIST_FILE = "UI-611/Info.plist";
				INFOPLIST_KEY_UIApplicationSceneManifest_Generation = YES;
				INFOPLIST_KEY_UIApplicationSupportsIndirectInputEvents = YES;
				INFOPLIST_KEY_UILaunchScreen_Generation = YES;
				INFOPLIST_KEY_UISupportedInterfaceOrientations_iPad = "UIInterfaceOrientationPortrait UIInterfaceOrientationPortraitUpsideDown UIInterfaceOrientationLandscapeLeft UIInterfaceOrientationLandscapeRight";
				INFOPLIST_KEY_UISupportedInterfaceOrientations_iPhone = "UIInterfaceOrientationPortrait UIInterfaceOrientationLandscapeLeft UIInterfaceOrientationLandscapeRight";
				LD_RUNPATH_SEARCH_PATHS = (
					"$(inherited)",
					"@executable_path/Frameworks",
				);
				MARKETING_VERSION = 1.0;
				PRODUCT_BUNDLE_IDENTIFIER = "com.585.UI-611";
				PRODUCT_NAME = "$(TARGET_NAME)";
				SWIFT_EMIT_LOC_STRINGS = YES;
				SWIFT_VERSION = 5.0;
				TARGETED_DEVICE_FAMILY = "1,2";
			};
			name = Debug;
		};
		4777A057287FB71C009F1605 /* Release */ = {
			isa = XCBuildConfiguration;
			buildSettings = {
				ASSETCATALOG_COMPILER_APPICON_NAME = AppIcon;
				ASSETCATALOG_COMPILER_GLOBAL_ACCENT_COLOR_NAME = AccentColor;
				CODE_SIGN_STYLE = Automatic;
				CURRENT_PROJECT_VERSION = 1;
				DEVELOPMENT_ASSET_PATHS = "\"UI-611/Preview Content\"";
				DEVELOPMENT_TEAM = 8CL4U468K5;
				ENABLE_PREVIEWS = YES;
				GENERATE_INFOPLIST_FILE = YES;
				INFOPLIST_FILE = "UI-611/Info.plist";
				INFOPLIST_KEY_UIApplicationSceneManifest_Generation = YES;
				INFOPLIST_KEY_UIApplicationSupportsIndirectInputEvents = YES;
				INFOPLIST_KEY_UILaunchScreen_Generation = YES;
				INFOPLIST_KEY_UISupportedInterfaceOrientations_iPad = "UIInterfaceOrientationPortrait UIInterfaceOrientationPortraitUpsideDown UIInterfaceOrientationLandscapeLeft UIInterfaceOrientationLandscapeRight";
				INFOPLIST_KEY_UISupportedInterfaceOrientations_iPhone = "UIInterfaceOrientationPortrait UIInterfaceOrientationLandscapeLeft UIInterfaceOrientationLandscapeRight";
				LD_RUNPATH_SEARCH_PATHS = (
					"$(inherited)",
					"@executable_path/Frameworks",
				);
				MARKETING_VERSION = 1.0;
				PRODUCT_BUNDLE_IDENTIFIER = "com.585.UI-611";
				PRODUCT_NAME = "$(TARGET_NAME)";
				SWIFT_EMIT_LOC_STRINGS = YES;
				SWIFT_VERSION = 5.0;
				TARGETED_DEVICE_FAMILY = "1,2";
			};
			name = Release;
		};
		4777A059287FB71C009F1605 /* Debug */ = {
			isa = XCBuildConfiguration;
			buildSettings = {
				ALWAYS_EMBED_SWIFT_STANDARD_LIBRARIES = YES;
				BUNDLE_LOADER = "$(TEST_HOST)";
				CODE_SIGN_STYLE = Automatic;
				CURRENT_PROJECT_VERSION = 1;
				DEVELOPMENT_TEAM = 8CL4U468K5;
				GENERATE_INFOPLIST_FILE = YES;
				IPHONEOS_DEPLOYMENT_TARGET = 16.0;
				MARKETING_VERSION = 1.0;
				PRODUCT_BUNDLE_IDENTIFIER = "com.585.UI-611Tests";
				PRODUCT_NAME = "$(TARGET_NAME)";
				SWIFT_EMIT_LOC_STRINGS = NO;
				SWIFT_VERSION = 5.0;
				TARGETED_DEVICE_FAMILY = "1,2";
				TEST_HOST = "$(BUILT_PRODUCTS_DIR)/UI-611.app/$(BUNDLE_EXECUTABLE_FOLDER_PATH)/UI-611";
			};
			name = Debug;
		};
		4777A05A287FB71C009F1605 /* Release */ = {
			isa = XCBuildConfiguration;
			buildSettings = {
				ALWAYS_EMBED_SWIFT_STANDARD_LIBRARIES = YES;
				BUNDLE_LOADER = "$(TEST_HOST)";
				CODE_SIGN_STYLE = Automatic;
				CURRENT_PROJECT_VERSION = 1;
				DEVELOPMENT_TEAM = 8CL4U468K5;
				GENERATE_INFOPLIST_FILE = YES;
				IPHONEOS_DEPLOYMENT_TARGET = 16.0;
				MARKETING_VERSION = 1.0;
				PRODUCT_BUNDLE_IDENTIFIER = "com.585.UI-611Tests";
				PRODUCT_NAME = "$(TARGET_NAME)";
				SWIFT_EMIT_LOC_STRINGS = NO;
				SWIFT_VERSION = 5.0;
				TARGETED_DEVICE_FAMILY = "1,2";
				TEST_HOST = "$(BUILT_PRODUCTS_DIR)/UI-611.app/$(BUNDLE_EXECUTABLE_FOLDER_PATH)/UI-611";
			};
			name = Release;
		};
		4777A05C287FB71C009F1605 /* Debug */ = {
			isa = XCBuildConfiguration;
			buildSettings = {
				ALWAYS_EMBED_SWIFT_STANDARD_LIBRARIES = YES;
				CODE_SIGN_STYLE = Automatic;
				CURRENT_PROJECT_VERSION = 1;
				DEVELOPMENT_TEAM = 8CL4U468K5;
				GENERATE_INFOPLIST_FILE = YES;
				MARKETING_VERSION = 1.0;
				PRODUCT_BUNDLE_IDENTIFIER = "com.585.UI-611UITests";
				PRODUCT_NAME = "$(TARGET_NAME)";
				SWIFT_EMIT_LOC_STRINGS = NO;
				SWIFT_VERSION = 5.0;
				TARGETED_DEVICE_FAMILY = "1,2";
				TEST_TARGET_NAME = "UI-611";
			};
			name = Debug;
		};
		4777A05D287FB71C009F1605 /* Release */ = {
			isa = XCBuildConfiguration;
			buildSettings = {
				ALWAYS_EMBED_SWIFT_STANDARD_LIBRARIES = YES;
				CODE_SIGN_STYLE = Automatic;
				CURRENT_PROJECT_VERSION = 1;
				DEVELOPMENT_TEAM = 8CL4U468K5;
				GENERATE_INFOPLIST_FILE = YES;
				MARKETING_VERSION = 1.0;
				PRODUCT_BUNDLE_IDENTIFIER = "com.585.UI-611UITests";
				PRODUCT_NAME = "$(TARGET_NAME)";
				SWIFT_EMIT_LOC_STRINGS = NO;
				SWIFT_VERSION = 5.0;
				TARGETED_DEVICE_FAMILY = "1,2";
				TEST_TARGET_NAME = "UI-611";
			};
			name = Release;
		};
/* End XCBuildConfiguration section */

/* Begin XCConfigurationList section */
		4777A02C287FB71B009F1605 /* Build configuration list for PBXProject "UI-611" */ = {
			isa = XCConfigurationList;
			buildConfigurations = (
				4777A053287FB71C009F1605 /* Debug */,
				4777A054287FB71C009F1605 /* Release */,
			);
			defaultConfigurationIsVisible = 0;
			defaultConfigurationName = Release;
		};
		4777A055287FB71C009F1605 /* Build configuration list for PBXNativeTarget "UI-611" */ = {
			isa = XCConfigurationList;
			buildConfigurations = (
				4777A056287FB71C009F1605 /* Debug */,
				4777A057287FB71C009F1605 /* Release */,
			);
			defaultConfigurationIsVisible = 0;
			defaultConfigurationName = Release;
		};
		4777A058287FB71C009F1605 /* Build configuration list for PBXNativeTarget "UI-611Tests" */ = {
			isa = XCConfigurationList;
			buildConfigurations = (
				4777A059287FB71C009F1605 /* Debug */,
				4777A05A287FB71C009F1605 /* Release */,
			);
			defaultConfigurationIsVisible = 0;
			defaultConfigurationName = Release;
		};
		4777A05B287FB71C009F1605 /* Build configuration list for PBXNativeTarget "UI-611UITests" */ = {
			isa = XCConfigurationList;
			buildConfigurations = (
				4777A05C287FB71C009F1605 /* Debug */,
				4777A05D287FB71C009F1605 /* Release */,
			);
			defaultConfigurationIsVisible = 0;
			defaultConfigurationName = Release;
		};
/* End XCConfigurationList section */
	};
	rootObject = 4777A029287FB71B009F1605 /* Project object */;
}
